
Microsoft Visual Studio Solution File, Format Version 12.00
# Visual Studio Version 16
VisualStudioVersion = 16.0.32901.82
MinimumVisualStudioVersion = 10.0.40219.1
Project("{FAE04EC0-301F-11D3-BF4B-00C04F79EFBC}") = "Rabota4", "Rabota4.csproj", "{BAB7BD1E-8C55-498D-9209-FF2BB4ED2FF0}"
EndProject
Global
	GlobalSection(SolutionConfigurationPlatforms) = preSolution
		Debug|Any CPU = Debug|Any CPU
		Release|Any CPU = Release|Any CPU
	EndGlobalSection
	GlobalSection(ProjectConfigurationPlatforms) = postSolution
		{BAB7BD1E-8C55-498D-9209-FF2BB4ED2FF0}.Debug|Any CPU.ActiveCfg = Debug|Any CPU
		{BAB7BD1E-8C55-498D-9209-FF2BB4ED2FF0}.Debug|Any CPU.Build.0 = Debug|Any CPU
		{BAB7BD1E-8C55-498D-9209-FF2BB4ED2FF0}.Release|Any CPU.ActiveCfg = Release|Any CPU
		{BAB7BD1E-8C55-498D-9209-FF2BB4ED2FF0}.Release|Any CPU.Build.0 = Release|Any CPU
	EndGlobalSection
	GlobalSection(SolutionProperties) = preSolution
		HideSolutionNode = FALSE
	EndGlobalSection
	GlobalSection(ExtensibilityGlobals) = postSolution
		SolutionGuid = {35194673-1771-4314-A365-3DBB33458BB0}
	EndGlobalSection
EndGlobal
